
Microsoft Visual Studio Solution File, Format Version 12.00
# Visual Studio Version 16
VisualStudioVersion = 16.0.30204.135
MinimumVisualStudioVersion = 10.0.40219.1
Project("{9A19103F-16F7-4668-BE54-9A1E7A4F7556}") = "Exception", "Exception.csproj", "{24FF9236-A43E-4F85-B64A-8941A15D69AB}"
EndProject
Project("{9A19103F-16F7-4668-BE54-9A1E7A4F7556}") = "delegate", "..\delegate\delegate.csproj", "{25C19256-90A0-44CC-BFE4-512A62C20B8A}"
EndProject
Project("{FAE04EC0-301F-11D3-BF4B-00C04F79EFBC}") = "Customer", "..\Customer\Customer.csproj", "{34917D51-E235-4194-B53C-F9F8D6AA2AA4}"
EndProject
Global
	GlobalSection(SolutionConfigurationPlatforms) = preSolution
		Debug|Any CPU = Debug|Any CPU
		Release|Any CPU = Release|Any CPU
	EndGlobalSection
	GlobalSection(ProjectConfigurationPlatforms) = postSolution
		{24FF9236-A43E-4F85-B64A-8941A15D69AB}.Debug|Any CPU.ActiveCfg = Debug|Any CPU
		{24FF9236-A43E-4F85-B64A-8941A15D69AB}.Debug|Any CPU.Build.0 = Debug|Any CPU
		{24FF9236-A43E-4F85-B64A-8941A15D69AB}.Release|Any CPU.ActiveCfg = Release|Any CPU
		{24FF9236-A43E-4F85-B64A-8941A15D69AB}.Release|Any CPU.Build.0 = Release|Any CPU
		{25C19256-90A0-44CC-BFE4-512A62C20B8A}.Debug|Any CPU.ActiveCfg = Debug|Any CPU
		{25C19256-90A0-44CC-BFE4-512A62C20B8A}.Debug|Any CPU.Build.0 = Debug|Any CPU
		{25C19256-90A0-44CC-BFE4-512A62C20B8A}.Release|Any CPU.ActiveCfg = Release|Any CPU
		{25C19256-90A0-44CC-BFE4-512A62C20B8A}.Release|Any CPU.Build.0 = Release|Any CPU
		{34917D51-E235-4194-B53C-F9F8D6AA2AA4}.Debug|Any CPU.ActiveCfg = Debug|Any CPU
		{34917D51-E235-4194-B53C-F9F8D6AA2AA4}.Debug|Any CPU.Build.0 = Debug|Any CPU
		{34917D51-E235-4194-B53C-F9F8D6AA2AA4}.Release|Any CPU.ActiveCfg = Release|Any CPU
		{34917D51-E235-4194-B53C-F9F8D6AA2AA4}.Release|Any CPU.Build.0 = Release|Any CPU
	EndGlobalSection
	GlobalSection(SolutionProperties) = preSolution
		HideSolutionNode = FALSE
	EndGlobalSection
	GlobalSection(ExtensibilityGlobals) = postSolution
		SolutionGuid = {4C27088E-C3B0-4EA3-A270-CA6BE4BA6BF5}
	EndGlobalSection
EndGlobal
